
Microsoft Visual Studio Solution File, Format Version 12.00
# Visual Studio Version 17
VisualStudioVersion = 17.7.34009.444
MinimumVisualStudioVersion = 10.0.40219.1
Project("{FAE04EC0-301F-11D3-BF4B-00C04F79EFBC}") = "Template.API", "Template.API\Template.API.csproj", "{F6EAD5BD-D3E0-4C6D-B16D-60BF24F7CC16}"
EndProject
Project("{FAE04EC0-301F-11D3-BF4B-00C04F79EFBC}") = "Template.API.Core", "Template.Core\Template.API.Core.csproj", "{77DF929E-875C-4A59-AF00-10B83D3846F5}"
EndProject
Project("{FAE04EC0-301F-11D3-BF4B-00C04F79EFBC}") = "Template.API.Data", "Template.Data\Template.API.Data.csproj", "{302CC683-9DB0-492E-BB66-212D7E3F64E8}"
EndProject
Global
	GlobalSection(SolutionConfigurationPlatforms) = preSolution
		Debug|Any CPU = Debug|Any CPU
		Release|Any CPU = Release|Any CPU
	EndGlobalSection
	GlobalSection(ProjectConfigurationPlatforms) = postSolution
		{F6EAD5BD-D3E0-4C6D-B16D-60BF24F7CC16}.Debug|Any CPU.ActiveCfg = Debug|Any CPU
		{F6EAD5BD-D3E0-4C6D-B16D-60BF24F7CC16}.Debug|Any CPU.Build.0 = Debug|Any CPU
		{F6EAD5BD-D3E0-4C6D-B16D-60BF24F7CC16}.Release|Any CPU.ActiveCfg = Release|Any CPU
		{F6EAD5BD-D3E0-4C6D-B16D-60BF24F7CC16}.Release|Any CPU.Build.0 = Release|Any CPU
		{77DF929E-875C-4A59-AF00-10B83D3846F5}.Debug|Any CPU.ActiveCfg = Debug|Any CPU
		{77DF929E-875C-4A59-AF00-10B83D3846F5}.Debug|Any CPU.Build.0 = Debug|Any CPU
		{77DF929E-875C-4A59-AF00-10B83D3846F5}.Release|Any CPU.ActiveCfg = Release|Any CPU
		{77DF929E-875C-4A59-AF00-10B83D3846F5}.Release|Any CPU.Build.0 = Release|Any CPU
		{302CC683-9DB0-492E-BB66-212D7E3F64E8}.Debug|Any CPU.ActiveCfg = Debug|Any CPU
		{302CC683-9DB0-492E-BB66-212D7E3F64E8}.Debug|Any CPU.Build.0 = Debug|Any CPU
		{302CC683-9DB0-492E-BB66-212D7E3F64E8}.Release|Any CPU.ActiveCfg = Release|Any CPU
		{302CC683-9DB0-492E-BB66-212D7E3F64E8}.Release|Any CPU.Build.0 = Release|Any CPU
	EndGlobalSection
	GlobalSection(SolutionProperties) = preSolution
		HideSolutionNode = FALSE
	EndGlobalSection
	GlobalSection(ExtensibilityGlobals) = postSolution
		SolutionGuid = {3A062689-D0ED-402E-A76C-0BC065A169DC}
	EndGlobalSection
EndGlobal
